
Microsoft Visual Studio Solution File, Format Version 12.00
# Visual Studio Version 16
VisualStudioVersion = 16.0.31005.135
MinimumVisualStudioVersion = 10.0.40219.1
Project("{FAE04EC0-301F-11D3-BF4B-00C04F79EFBC}") = "snap7-to-prometheus", "snap7-to-prometheus.csproj", "{F687BFC2-DF23-4E5B-BF34-084113905EFB}"
EndProject
Global
	GlobalSection(SolutionConfigurationPlatforms) = preSolution
		Debug|Any CPU = Debug|Any CPU
		Release|Any CPU = Release|Any CPU
	EndGlobalSection
	GlobalSection(ProjectConfigurationPlatforms) = postSolution
		{F687BFC2-DF23-4E5B-BF34-084113905EFB}.Debug|Any CPU.ActiveCfg = Debug|Any CPU
		{F687BFC2-DF23-4E5B-BF34-084113905EFB}.Debug|Any CPU.Build.0 = Debug|Any CPU
		{F687BFC2-DF23-4E5B-BF34-084113905EFB}.Release|Any CPU.ActiveCfg = Release|Any CPU
		{F687BFC2-DF23-4E5B-BF34-084113905EFB}.Release|Any CPU.Build.0 = Release|Any CPU
	EndGlobalSection
	GlobalSection(SolutionProperties) = preSolution
		HideSolutionNode = FALSE
	EndGlobalSection
	GlobalSection(ExtensibilityGlobals) = postSolution
		SolutionGuid = {A7B4BF9D-381B-4AB2-9C50-1C54C94E0AF4}
	EndGlobalSection
EndGlobal
