
Microsoft Visual Studio Solution File, Format Version 12.00
# Visual Studio Version 17
VisualStudioVersion = 17.4.33122.133
MinimumVisualStudioVersion = 10.0.40219.1
Project("{9A19103F-16F7-4668-BE54-9A1E7A4F7556}") = "snap7-to-prometheus", "snap7-to-prometheus.csproj", "{F687BFC2-DF23-4E5B-BF34-084113905EFB}"
EndProject
Project("{2150E333-8FDC-42A3-9474-1A3956D46DE8}") = "Solution Items", "Solution Items", "{88E6C2CC-77E9-4CAA-B873-593F285883C2}"
	ProjectSection(SolutionItems) = preProject
		..\README.md = ..\README.md
	EndProjectSection
EndProject
Global
	GlobalSection(SolutionConfigurationPlatforms) = preSolution
		Debug|Any CPU = Debug|Any CPU
		Release|Any CPU = Release|Any CPU
	EndGlobalSection
	GlobalSection(ProjectConfigurationPlatforms) = postSolution
		{F687BFC2-DF23-4E5B-BF34-084113905EFB}.Debug|Any CPU.ActiveCfg = Debug|Any CPU
		{F687BFC2-DF23-4E5B-BF34-084113905EFB}.Debug|Any CPU.Build.0 = Debug|Any CPU
		{F687BFC2-DF23-4E5B-BF34-084113905EFB}.Release|Any CPU.ActiveCfg = Release|Any CPU
		{F687BFC2-DF23-4E5B-BF34-084113905EFB}.Release|Any CPU.Build.0 = Release|Any CPU
	EndGlobalSection
	GlobalSection(SolutionProperties) = preSolution
		HideSolutionNode = FALSE
	EndGlobalSection
	GlobalSection(ExtensibilityGlobals) = postSolution
		SolutionGuid = {A7B4BF9D-381B-4AB2-9C50-1C54C94E0AF4}
	EndGlobalSection
EndGlobal
